
Microsoft Visual Studio Solution File, Format Version 12.00
# Visual Studio Version 17
VisualStudioVersion = 17.3.32901.215
MinimumVisualStudioVersion = 10.0.40219.1
Project("{9A19103F-16F7-4668-BE54-9A1E7A4F7556}") = "LILI_FPMS", "LILI_FPMS\LILI_FPMS.csproj", "{4BD0EBD5-7373-4572-8C0B-DB46957E4952}"
EndProject
Global
	GlobalSection(SolutionConfigurationPlatforms) = preSolution
		Debug|Any CPU = Debug|Any CPU
		Release|Any CPU = Release|Any CPU
	EndGlobalSection
	GlobalSection(ProjectConfigurationPlatforms) = postSolution
		{4BD0EBD5-7373-4572-8C0B-DB46957E4952}.Debug|Any CPU.ActiveCfg = Debug|Any CPU
		{4BD0EBD5-7373-4572-8C0B-DB46957E4952}.Debug|Any CPU.Build.0 = Debug|Any CPU
		{4BD0EBD5-7373-4572-8C0B-DB46957E4952}.Release|Any CPU.ActiveCfg = Release|Any CPU
		{4BD0EBD5-7373-4572-8C0B-DB46957E4952}.Release|Any CPU.Build.0 = Release|Any CPU
	EndGlobalSection
	GlobalSection(SolutionProperties) = preSolution
		HideSolutionNode = FALSE
	EndGlobalSection
	GlobalSection(ExtensibilityGlobals) = postSolution
		SolutionGuid = {83F9AB8D-575B-421E-996D-E714B3503DED}
	EndGlobalSection
EndGlobal
